
Microsoft Visual Studio Solution File, Format Version 12.00
# Visual Studio Version 16
VisualStudioVersion = 16.0.29519.87
MinimumVisualStudioVersion = 10.0.40219.1
Project("{FAE04EC0-301F-11D3-BF4B-00C04F79EFBC}") = "DesignPatterns_Adapter", "DesignPatterns_Adapter\DesignPatterns_Adapter.csproj", "{5859A9D7-AC72-4590-BCB8-CC38B72EC77A}"
EndProject
Global
	GlobalSection(SolutionConfigurationPlatforms) = preSolution
		Debug|Any CPU = Debug|Any CPU
		Release|Any CPU = Release|Any CPU
	EndGlobalSection
	GlobalSection(ProjectConfigurationPlatforms) = postSolution
		{5859A9D7-AC72-4590-BCB8-CC38B72EC77A}.Debug|Any CPU.ActiveCfg = Debug|Any CPU
		{5859A9D7-AC72-4590-BCB8-CC38B72EC77A}.Debug|Any CPU.Build.0 = Debug|Any CPU
		{5859A9D7-AC72-4590-BCB8-CC38B72EC77A}.Release|Any CPU.ActiveCfg = Release|Any CPU
		{5859A9D7-AC72-4590-BCB8-CC38B72EC77A}.Release|Any CPU.Build.0 = Release|Any CPU
	EndGlobalSection
	GlobalSection(SolutionProperties) = preSolution
		HideSolutionNode = FALSE
	EndGlobalSection
	GlobalSection(ExtensibilityGlobals) = postSolution
		SolutionGuid = {94246B3B-336B-40E9-A95F-7EA74E72019A}
	EndGlobalSection
EndGlobal
